
Microsoft Visual Studio Solution File, Format Version 12.00
# Visual Studio Version 16
VisualStudioVersion = 16.0.28803.156
MinimumVisualStudioVersion = 10.0.40219.1
Project("{9A19103F-16F7-4668-BE54-9A1E7A4F7556}") = "Pollr.Api", "Pollr.API\Pollr.Api.csproj", "{3B33B7CE-6A33-459C-B5F7-8DA073220058}"
EndProject
Project("{9A19103F-16F7-4668-BE54-9A1E7A4F7556}") = "Pollr.UI", "Pollr.UI\Pollr.UI.csproj", "{96D67FF5-7D59-4721-BA18-99A5B5F2724A}"
EndProject
Project("{9A19103F-16F7-4668-BE54-9A1E7A4F7556}") = "Pollr.AdminUI", "Pollr.AdminUI\Pollr.AdminUI.csproj", "{3DE1FE1C-02EF-4E73-9A9D-F91A3F3AFE29}"
EndProject
Project("{2150E333-8FDC-42A3-9474-1A3956D46DE8}") = "Solution Items", "Solution Items", "{D363A5DD-E19A-4EFA-95A9-411E85F135D2}"
	ProjectSection(SolutionItems) = preProject
		LICENSE = LICENSE
		pollrdeploy.sh = pollrdeploy.sh
		README.md = README.md
	EndProjectSection
EndProject
Project("{2150E333-8FDC-42A3-9474-1A3956D46DE8}") = "Deployment", "Deployment", "{5520CFF7-ED26-48F1-BF7D-BB0FA6A04BA7}"
EndProject
Project("{2150E333-8FDC-42A3-9474-1A3956D46DE8}") = "K8S", "K8S", "{A9556916-F255-4F6C-99BB-A85E38D0AA45}"
EndProject
Project("{2150E333-8FDC-42A3-9474-1A3956D46DE8}") = "Basic", "Basic", "{31DA59A1-7DAB-4EF7-8D47-A739DAF4FA0C}"
EndProject
Project("{2150E333-8FDC-42A3-9474-1A3956D46DE8}") = "Helm", "Helm", "{2B52BBB0-8504-404E-955D-9E98810C1108}"
EndProject
Project("{E53339B2-1760-4266-BCC7-CA923CBCF16C}") = "docker-compose", "docker-compose.dcproj", "{99969CFC-EC5D-4293-87E0-6F6E47D76EE7}"
EndProject
Global
	GlobalSection(SolutionConfigurationPlatforms) = preSolution
		Debug|Any CPU = Debug|Any CPU
		Release|Any CPU = Release|Any CPU
	EndGlobalSection
	GlobalSection(ProjectConfigurationPlatforms) = postSolution
		{3B33B7CE-6A33-459C-B5F7-8DA073220058}.Debug|Any CPU.ActiveCfg = Debug|Any CPU
		{3B33B7CE-6A33-459C-B5F7-8DA073220058}.Debug|Any CPU.Build.0 = Debug|Any CPU
		{3B33B7CE-6A33-459C-B5F7-8DA073220058}.Release|Any CPU.ActiveCfg = Release|Any CPU
		{3B33B7CE-6A33-459C-B5F7-8DA073220058}.Release|Any CPU.Build.0 = Release|Any CPU
		{96D67FF5-7D59-4721-BA18-99A5B5F2724A}.Debug|Any CPU.ActiveCfg = Debug|Any CPU
		{96D67FF5-7D59-4721-BA18-99A5B5F2724A}.Debug|Any CPU.Build.0 = Debug|Any CPU
		{96D67FF5-7D59-4721-BA18-99A5B5F2724A}.Release|Any CPU.ActiveCfg = Release|Any CPU
		{96D67FF5-7D59-4721-BA18-99A5B5F2724A}.Release|Any CPU.Build.0 = Release|Any CPU
		{3DE1FE1C-02EF-4E73-9A9D-F91A3F3AFE29}.Debug|Any CPU.ActiveCfg = Debug|Any CPU
		{3DE1FE1C-02EF-4E73-9A9D-F91A3F3AFE29}.Debug|Any CPU.Build.0 = Debug|Any CPU
		{3DE1FE1C-02EF-4E73-9A9D-F91A3F3AFE29}.Release|Any CPU.ActiveCfg = Release|Any CPU
		{3DE1FE1C-02EF-4E73-9A9D-F91A3F3AFE29}.Release|Any CPU.Build.0 = Release|Any CPU
		{99969CFC-EC5D-4293-87E0-6F6E47D76EE7}.Debug|Any CPU.ActiveCfg = Debug|Any CPU
		{99969CFC-EC5D-4293-87E0-6F6E47D76EE7}.Debug|Any CPU.Build.0 = Debug|Any CPU
		{99969CFC-EC5D-4293-87E0-6F6E47D76EE7}.Release|Any CPU.ActiveCfg = Release|Any CPU
		{99969CFC-EC5D-4293-87E0-6F6E47D76EE7}.Release|Any CPU.Build.0 = Release|Any CPU
	EndGlobalSection
	GlobalSection(SolutionProperties) = preSolution
		HideSolutionNode = FALSE
	EndGlobalSection
	GlobalSection(NestedProjects) = preSolution
		{A9556916-F255-4F6C-99BB-A85E38D0AA45} = {5520CFF7-ED26-48F1-BF7D-BB0FA6A04BA7}
		{31DA59A1-7DAB-4EF7-8D47-A739DAF4FA0C} = {A9556916-F255-4F6C-99BB-A85E38D0AA45}
		{2B52BBB0-8504-404E-955D-9E98810C1108} = {A9556916-F255-4F6C-99BB-A85E38D0AA45}
	EndGlobalSection
	GlobalSection(ExtensibilityGlobals) = postSolution
		SolutionGuid = {51762E93-9C9F-4667-8F79-C1AA61990D88}
	EndGlobalSection
EndGlobal
